
Microsoft Visual Studio Solution File, Format Version 12.00
# Visual Studio 15
VisualStudioVersion = 15.0.27703.2000
MinimumVisualStudioVersion = 10.0.40219.1
Project("{FAE04EC0-301F-11D3-BF4B-00C04F79EFBC}") = "Questionnaire.WEB", "Questionnaire.WEB\Questionnaire.WEB.csproj", "{C142158D-2893-4596-B4AF-804C69A45F75}"
EndProject
Project("{FAE04EC0-301F-11D3-BF4B-00C04F79EFBC}") = "Questionnaire.DAL", "Questionnaire.DAL\Questionnaire.DAL.csproj", "{B69D585B-398D-43EC-9A7E-4E05319A3780}"
EndProject
Project("{FAE04EC0-301F-11D3-BF4B-00C04F79EFBC}") = "Questionnaire.BLL", "Questionnaire.BLL\Questionnaire.BLL.csproj", "{5611C0BF-DE20-40FF-BAEA-FAA39970A1B9}"
EndProject
Project("{FAE04EC0-301F-11D3-BF4B-00C04F79EFBC}") = "Questionnaire.BLL.Tests", "Questionnaire.BLL.Tests\Questionnaire.BLL.Tests.csproj", "{4D63E7E4-2716-4158-818C-D722ACE28CB1}"
EndProject
Global
	GlobalSection(SolutionConfigurationPlatforms) = preSolution
		Debug|Any CPU = Debug|Any CPU
		Release|Any CPU = Release|Any CPU
	EndGlobalSection
	GlobalSection(ProjectConfigurationPlatforms) = postSolution
		{C142158D-2893-4596-B4AF-804C69A45F75}.Debug|Any CPU.ActiveCfg = Debug|Any CPU
		{C142158D-2893-4596-B4AF-804C69A45F75}.Debug|Any CPU.Build.0 = Debug|Any CPU
		{C142158D-2893-4596-B4AF-804C69A45F75}.Release|Any CPU.ActiveCfg = Release|Any CPU
		{C142158D-2893-4596-B4AF-804C69A45F75}.Release|Any CPU.Build.0 = Release|Any CPU
		{B69D585B-398D-43EC-9A7E-4E05319A3780}.Debug|Any CPU.ActiveCfg = Debug|Any CPU
		{B69D585B-398D-43EC-9A7E-4E05319A3780}.Debug|Any CPU.Build.0 = Debug|Any CPU
		{B69D585B-398D-43EC-9A7E-4E05319A3780}.Release|Any CPU.ActiveCfg = Release|Any CPU
		{B69D585B-398D-43EC-9A7E-4E05319A3780}.Release|Any CPU.Build.0 = Release|Any CPU
		{5611C0BF-DE20-40FF-BAEA-FAA39970A1B9}.Debug|Any CPU.ActiveCfg = Debug|Any CPU
		{5611C0BF-DE20-40FF-BAEA-FAA39970A1B9}.Debug|Any CPU.Build.0 = Debug|Any CPU
		{5611C0BF-DE20-40FF-BAEA-FAA39970A1B9}.Release|Any CPU.ActiveCfg = Release|Any CPU
		{5611C0BF-DE20-40FF-BAEA-FAA39970A1B9}.Release|Any CPU.Build.0 = Release|Any CPU
		{4D63E7E4-2716-4158-818C-D722ACE28CB1}.Debug|Any CPU.ActiveCfg = Debug|Any CPU
		{4D63E7E4-2716-4158-818C-D722ACE28CB1}.Debug|Any CPU.Build.0 = Debug|Any CPU
		{4D63E7E4-2716-4158-818C-D722ACE28CB1}.Release|Any CPU.ActiveCfg = Release|Any CPU
		{4D63E7E4-2716-4158-818C-D722ACE28CB1}.Release|Any CPU.Build.0 = Release|Any CPU
	EndGlobalSection
	GlobalSection(SolutionProperties) = preSolution
		HideSolutionNode = FALSE
	EndGlobalSection
	GlobalSection(ExtensibilityGlobals) = postSolution
		SolutionGuid = {515321C3-C734-4835-B886-59FE181BB932}
	EndGlobalSection
EndGlobal
